
Microsoft Visual Studio Solution File, Format Version 12.00
# Visual Studio Version 16
VisualStudioVersion = 16.0.30523.141
MinimumVisualStudioVersion = 10.0.40219.1
Project("{FAE04EC0-301F-11D3-BF4B-00C04F79EFBC}") = "Breakout", "Breakout\Breakout.csproj", "{6659FDBF-5AF6-486F-B7AF-35C3BFAACAF0}"
EndProject
Global
	GlobalSection(SolutionConfigurationPlatforms) = preSolution
		Debug|Any CPU = Debug|Any CPU
		Release|Any CPU = Release|Any CPU
	EndGlobalSection
	GlobalSection(ProjectConfigurationPlatforms) = postSolution
		{6659FDBF-5AF6-486F-B7AF-35C3BFAACAF0}.Debug|Any CPU.ActiveCfg = Debug|Any CPU
		{6659FDBF-5AF6-486F-B7AF-35C3BFAACAF0}.Debug|Any CPU.Build.0 = Debug|Any CPU
		{6659FDBF-5AF6-486F-B7AF-35C3BFAACAF0}.Release|Any CPU.ActiveCfg = Release|Any CPU
		{6659FDBF-5AF6-486F-B7AF-35C3BFAACAF0}.Release|Any CPU.Build.0 = Release|Any CPU
	EndGlobalSection
	GlobalSection(SolutionProperties) = preSolution
		HideSolutionNode = FALSE
	EndGlobalSection
	GlobalSection(ExtensibilityGlobals) = postSolution
		SolutionGuid = {0C975CA5-DB21-4EDF-8B4C-4E225DEBDE47}
	EndGlobalSection
EndGlobal
